
Microsoft Visual Studio Solution File, Format Version 12.00
# Visual Studio Version 17
VisualStudioVersion = 17.13.35818.85
MinimumVisualStudioVersion = 10.0.40219.1
Project("{8BC9CEB8-8B4A-11D0-8D11-00A0C91BC942}") = "GameEngine", "GameEngine.vcxproj", "{5B1CE274-EFA7-4556-9A34-58499B8C2891}"
EndProject
Project("{2150E333-8FDC-42A3-9474-1A3956D46DE8}") = "ソリューション項目", "ソリューション項目", "{2022CB0F-8BAF-F49E-0C48-8EF4C96EC109}"
	ProjectSection(SolutionItems) = preProject
		.editorconfig = .editorconfig
	EndProjectSection
EndProject
Global
	GlobalSection(SolutionConfigurationPlatforms) = preSolution
		Debug|x64 = Debug|x64
		Release|x64 = Release|x64
	EndGlobalSection
	GlobalSection(ProjectConfigurationPlatforms) = postSolution
		{5B1CE274-EFA7-4556-9A34-58499B8C2891}.Debug|x64.ActiveCfg = Debug|x64
		{5B1CE274-EFA7-4556-9A34-58499B8C2891}.Debug|x64.Build.0 = Debug|x64
		{5B1CE274-EFA7-4556-9A34-58499B8C2891}.Release|x64.ActiveCfg = Release|x64
		{5B1CE274-EFA7-4556-9A34-58499B8C2891}.Release|x64.Build.0 = Release|x64
	EndGlobalSection
	GlobalSection(SolutionProperties) = preSolution
		HideSolutionNode = FALSE
	EndGlobalSection
	GlobalSection(ExtensibilityGlobals) = postSolution
		SolutionGuid = {58A78CEB-B9E7-4266-9E6C-8B02A5855AC0}
	EndGlobalSection
EndGlobal
